{
  "name": "container-security-report",
  "version": "1.0.0",
  "lockfileVersion": 3,
  "requires": true,
  "packages": {
    "": {
      "name": "container-security-report",
      "version": "1.0.0",
      "dependencies": {
        "@quillmark/wasm": "^0.92.1"
      },
      "engines": {
        "node": ">=22"
      }
    },
    "node_modules/@quillmark/wasm": {
      "version": "0.92.1",
      "resolved": "https://registry.npmjs.org/@quillmark/wasm/-/wasm-0.92.1.tgz",
      "integrity": "sha512-PE5V7oKSXk4zkwmn7XZhZQGNZMZc1lMjqe1I8a9tPY2tzqTaHQTaxumlqCSnFQfoWt0MqYW2BmtdLli8ZK11RQ==",
      "license": "MIT OR Apache-2.0",
      "engines": {
        "node": ">=22"
      }
    }
  }
}
